
Microsoft Visual Studio Solution File, Format Version 12.00
# Visual Studio 15
VisualStudioVersion = 15.0.26124.0
MinimumVisualStudioVersion = 15.0.26124.0
Project("{2150E333-8FDC-42A3-9474-1A3956D46DE8}") = "src", "src", "{D9506C1D-DF7A-4975-B4A9-80B2EF4ADA2E}"
EndProject
Project("{F2A71F9B-5D33-465A-A702-920D77279786}") = "Browser.Blob", "src\Blob\Browser.Blob.fsproj", "{BBB5024A-52F8-463B-B8CC-04DEB842852B}"
EndProject
Project("{F2A71F9B-5D33-465A-A702-920D77279786}") = "Browser.Dom", "src\Dom\Browser.Dom.fsproj", "{705432F3-33D0-44E6-9778-39F8E2209A13}"
EndProject
Project("{F2A71F9B-5D33-465A-A702-920D77279786}") = "Browser.Event", "src\Event\Browser.Event.fsproj", "{5DBD3E48-7769-466D-A850-63F78CAE4158}"
EndProject
Project("{F2A71F9B-5D33-465A-A702-920D77279786}") = "Browser.WebStorage", "src\WebStorage\Browser.WebStorage.fsproj", "{71693453-1A54-4354-B0F3-48F0272643E5}"
EndProject
Project("{F2A71F9B-5D33-465A-A702-920D77279786}") = "Browser.Performance", "src\Performance\Browser.Performance.fsproj", "{A33C795C-3945-4F0A-9205-44EE3B418496}"
EndProject
Project("{F2A71F9B-5D33-465A-A702-920D77279786}") = "Browser.Url", "src\Url\Browser.Url.fsproj", "{3BE1F106-50B6-4315-BF76-D0457ADA80A6}"
EndProject
Global
	GlobalSection(SolutionConfigurationPlatforms) = preSolution
		Debug|Any CPU = Debug|Any CPU
		Debug|x64 = Debug|x64
		Debug|x86 = Debug|x86
		Release|Any CPU = Release|Any CPU
		Release|x64 = Release|x64
		Release|x86 = Release|x86
	EndGlobalSection
	GlobalSection(SolutionProperties) = preSolution
		HideSolutionNode = FALSE
	EndGlobalSection
	GlobalSection(ProjectConfigurationPlatforms) = postSolution
		{BBB5024A-52F8-463B-B8CC-04DEB842852B}.Debug|Any CPU.ActiveCfg = Debug|Any CPU
		{BBB5024A-52F8-463B-B8CC-04DEB842852B}.Debug|Any CPU.Build.0 = Debug|Any CPU
		{BBB5024A-52F8-463B-B8CC-04DEB842852B}.Debug|x64.ActiveCfg = Debug|Any CPU
		{BBB5024A-52F8-463B-B8CC-04DEB842852B}.Debug|x64.Build.0 = Debug|Any CPU
		{BBB5024A-52F8-463B-B8CC-04DEB842852B}.Debug|x86.ActiveCfg = Debug|Any CPU
		{BBB5024A-52F8-463B-B8CC-04DEB842852B}.Debug|x86.Build.0 = Debug|Any CPU
		{BBB5024A-52F8-463B-B8CC-04DEB842852B}.Release|Any CPU.ActiveCfg = Release|Any CPU
		{BBB5024A-52F8-463B-B8CC-04DEB842852B}.Release|Any CPU.Build.0 = Release|Any CPU
		{BBB5024A-52F8-463B-B8CC-04DEB842852B}.Release|x64.ActiveCfg = Release|Any CPU
		{BBB5024A-52F8-463B-B8CC-04DEB842852B}.Release|x64.Build.0 = Release|Any CPU
		{BBB5024A-52F8-463B-B8CC-04DEB842852B}.Release|x86.ActiveCfg = Release|Any CPU
		{BBB5024A-52F8-463B-B8CC-04DEB842852B}.Release|x86.Build.0 = Release|Any CPU
		{705432F3-33D0-44E6-9778-39F8E2209A13}.Debug|Any CPU.ActiveCfg = Debug|Any CPU
		{705432F3-33D0-44E6-9778-39F8E2209A13}.Debug|Any CPU.Build.0 = Debug|Any CPU
		{705432F3-33D0-44E6-9778-39F8E2209A13}.Debug|x64.ActiveCfg = Debug|Any CPU
		{705432F3-33D0-44E6-9778-39F8E2209A13}.Debug|x64.Build.0 = Debug|Any CPU
		{705432F3-33D0-44E6-9778-39F8E2209A13}.Debug|x86.ActiveCfg = Debug|Any CPU
		{705432F3-33D0-44E6-9778-39F8E2209A13}.Debug|x86.Build.0 = Debug|Any CPU
		{705432F3-33D0-44E6-9778-39F8E2209A13}.Release|Any CPU.ActiveCfg = Release|Any CPU
		{705432F3-33D0-44E6-9778-39F8E2209A13}.Release|Any CPU.Build.0 = Release|Any CPU
		{705432F3-33D0-44E6-9778-39F8E2209A13}.Release|x64.ActiveCfg = Release|Any CPU
		{705432F3-33D0-44E6-9778-39F8E2209A13}.Release|x64.Build.0 = Release|Any CPU
		{705432F3-33D0-44E6-9778-39F8E2209A13}.Release|x86.ActiveCfg = Release|Any CPU
		{705432F3-33D0-44E6-9778-39F8E2209A13}.Release|x86.Build.0 = Release|Any CPU
		{5DBD3E48-7769-466D-A850-63F78CAE4158}.Debug|Any CPU.ActiveCfg = Debug|Any CPU
		{5DBD3E48-7769-466D-A850-63F78CAE4158}.Debug|Any CPU.Build.0 = Debug|Any CPU
		{5DBD3E48-7769-466D-A850-63F78CAE4158}.Debug|x64.ActiveCfg = Debug|Any CPU
		{5DBD3E48-7769-466D-A850-63F78CAE4158}.Debug|x64.Build.0 = Debug|Any CPU
		{5DBD3E48-7769-466D-A850-63F78CAE4158}.Debug|x86.ActiveCfg = Debug|Any CPU
		{5DBD3E48-7769-466D-A850-63F78CAE4158}.Debug|x86.Build.0 = Debug|Any CPU
		{5DBD3E48-7769-466D-A850-63F78CAE4158}.Release|Any CPU.ActiveCfg = Release|Any CPU
		{5DBD3E48-7769-466D-A850-63F78CAE4158}.Release|Any CPU.Build.0 = Release|Any CPU
		{5DBD3E48-7769-466D-A850-63F78CAE4158}.Release|x64.ActiveCfg = Release|Any CPU
		{5DBD3E48-7769-466D-A850-63F78CAE4158}.Release|x64.Build.0 = Release|Any CPU
		{5DBD3E48-7769-466D-A850-63F78CAE4158}.Release|x86.ActiveCfg = Release|Any CPU
		{5DBD3E48-7769-466D-A850-63F78CAE4158}.Release|x86.Build.0 = Release|Any CPU
		{71693453-1A54-4354-B0F3-48F0272643E5}.Debug|Any CPU.ActiveCfg = Debug|Any CPU
		{71693453-1A54-4354-B0F3-48F0272643E5}.Debug|Any CPU.Build.0 = Debug|Any CPU
		{71693453-1A54-4354-B0F3-48F0272643E5}.Debug|x64.ActiveCfg = Debug|Any CPU
		{71693453-1A54-4354-B0F3-48F0272643E5}.Debug|x64.Build.0 = Debug|Any CPU
		{71693453-1A54-4354-B0F3-48F0272643E5}.Debug|x86.ActiveCfg = Debug|Any CPU
		{71693453-1A54-4354-B0F3-48F0272643E5}.Debug|x86.Build.0 = Debug|Any CPU
		{71693453-1A54-4354-B0F3-48F0272643E5}.Release|Any CPU.ActiveCfg = Release|Any CPU
		{71693453-1A54-4354-B0F3-48F0272643E5}.Release|Any CPU.Build.0 = Release|Any CPU
		{71693453-1A54-4354-B0F3-48F0272643E5}.Release|x64.ActiveCfg = Release|Any CPU
		{71693453-1A54-4354-B0F3-48F0272643E5}.Release|x64.Build.0 = Release|Any CPU
		{71693453-1A54-4354-B0F3-48F0272643E5}.Release|x86.ActiveCfg = Release|Any CPU
		{71693453-1A54-4354-B0F3-48F0272643E5}.Release|x86.Build.0 = Release|Any CPU
		{A33C795C-3945-4F0A-9205-44EE3B418496}.Debug|Any CPU.ActiveCfg = Debug|Any CPU
		{A33C795C-3945-4F0A-9205-44EE3B418496}.Debug|Any CPU.Build.0 = Debug|Any CPU
		{A33C795C-3945-4F0A-9205-44EE3B418496}.Debug|x64.ActiveCfg = Debug|Any CPU
		{A33C795C-3945-4F0A-9205-44EE3B418496}.Debug|x64.Build.0 = Debug|Any CPU
		{A33C795C-3945-4F0A-9205-44EE3B418496}.Debug|x86.ActiveCfg = Debug|Any CPU
		{A33C795C-3945-4F0A-9205-44EE3B418496}.Debug|x86.Build.0 = Debug|Any CPU
		{A33C795C-3945-4F0A-9205-44EE3B418496}.Release|Any CPU.ActiveCfg = Release|Any CPU
		{A33C795C-3945-4F0A-9205-44EE3B418496}.Release|Any CPU.Build.0 = Release|Any CPU
		{A33C795C-3945-4F0A-9205-44EE3B418496}.Release|x64.ActiveCfg = Release|Any CPU
		{A33C795C-3945-4F0A-9205-44EE3B418496}.Release|x64.Build.0 = Release|Any CPU
		{A33C795C-3945-4F0A-9205-44EE3B418496}.Release|x86.ActiveCfg = Release|Any CPU
		{A33C795C-3945-4F0A-9205-44EE3B418496}.Release|x86.Build.0 = Release|Any CPU
		{3BE1F106-50B6-4315-BF76-D0457ADA80A6}.Debug|Any CPU.ActiveCfg = Debug|Any CPU
		{3BE1F106-50B6-4315-BF76-D0457ADA80A6}.Debug|Any CPU.Build.0 = Debug|Any CPU
		{3BE1F106-50B6-4315-BF76-D0457ADA80A6}.Debug|x64.ActiveCfg = Debug|Any CPU
		{3BE1F106-50B6-4315-BF76-D0457ADA80A6}.Debug|x64.Build.0 = Debug|Any CPU
		{3BE1F106-50B6-4315-BF76-D0457ADA80A6}.Debug|x86.ActiveCfg = Debug|Any CPU
		{3BE1F106-50B6-4315-BF76-D0457ADA80A6}.Debug|x86.Build.0 = Debug|Any CPU
		{3BE1F106-50B6-4315-BF76-D0457ADA80A6}.Release|Any CPU.ActiveCfg = Release|Any CPU
		{3BE1F106-50B6-4315-BF76-D0457ADA80A6}.Release|Any CPU.Build.0 = Release|Any CPU
		{3BE1F106-50B6-4315-BF76-D0457ADA80A6}.Release|x64.ActiveCfg = Release|Any CPU
		{3BE1F106-50B6-4315-BF76-D0457ADA80A6}.Release|x64.Build.0 = Release|Any CPU
		{3BE1F106-50B6-4315-BF76-D0457ADA80A6}.Release|x86.ActiveCfg = Release|Any CPU
		{3BE1F106-50B6-4315-BF76-D0457ADA80A6}.Release|x86.Build.0 = Release|Any CPU
	EndGlobalSection
	GlobalSection(NestedProjects) = preSolution
		{BBB5024A-52F8-463B-B8CC-04DEB842852B} = {D9506C1D-DF7A-4975-B4A9-80B2EF4ADA2E}
		{705432F3-33D0-44E6-9778-39F8E2209A13} = {D9506C1D-DF7A-4975-B4A9-80B2EF4ADA2E}
		{5DBD3E48-7769-466D-A850-63F78CAE4158} = {D9506C1D-DF7A-4975-B4A9-80B2EF4ADA2E}
		{71693453-1A54-4354-B0F3-48F0272643E5} = {D9506C1D-DF7A-4975-B4A9-80B2EF4ADA2E}
		{A33C795C-3945-4F0A-9205-44EE3B418496} = {D9506C1D-DF7A-4975-B4A9-80B2EF4ADA2E}
		{3BE1F106-50B6-4315-BF76-D0457ADA80A6} = {D9506C1D-DF7A-4975-B4A9-80B2EF4ADA2E}
	EndGlobalSection
EndGlobal
