{
  "name": "fable-browser",
  "lockfileVersion": 2,
  "requires": true,
  "packages": {
    "": {
      "dependencies": {
        "fable-publish-utils": "^2.1.0"
      }
    },
    "node_modules/fable-publish-utils": {
      "version": "2.1.0",
      "resolved": "https://registry.npmjs.org/fable-publish-utils/-/fable-publish-utils-2.1.0.tgz",
      "integrity": "sha512-G2ZjeA91IEsRzvKXIjxWDaoLE1gJ+evir+1aNBbz+dVrGQWQ1WEnTVsDdmJh+Vk2qhlDNp1pclExVSnvT0LMSA=="
    }
  },
  "dependencies": {
    "fable-publish-utils": {
      "version": "2.1.0",
      "resolved": "https://registry.npmjs.org/fable-publish-utils/-/fable-publish-utils-2.1.0.tgz",
      "integrity": "sha512-G2ZjeA91IEsRzvKXIjxWDaoLE1gJ+evir+1aNBbz+dVrGQWQ1WEnTVsDdmJh+Vk2qhlDNp1pclExVSnvT0LMSA=="
    }
  }
}
